
Microsoft Visual Studio Solution File, Format Version 12.00
# Visual Studio Version 17
VisualStudioVersion = 17.4.33110.190
MinimumVisualStudioVersion = 10.0.40219.1
Project("{FAE04EC0-301F-11D3-BF4B-00C04F79EFBC}") = "todo-list-api", "todo-list-api.csproj", "{A2C48A83-1724-44CB-9AB2-6D6E2416DA76}"
EndProject
Global
	GlobalSection(SolutionConfigurationPlatforms) = preSolution
		Debug|Any CPU = Debug|Any CPU
		Release|Any CPU = Release|Any CPU
	EndGlobalSection
	GlobalSection(ProjectConfigurationPlatforms) = postSolution
		{A2C48A83-1724-44CB-9AB2-6D6E2416DA76}.Debug|Any CPU.ActiveCfg = Debug|Any CPU
		{A2C48A83-1724-44CB-9AB2-6D6E2416DA76}.Debug|Any CPU.Build.0 = Debug|Any CPU
		{A2C48A83-1724-44CB-9AB2-6D6E2416DA76}.Release|Any CPU.ActiveCfg = Release|Any CPU
		{A2C48A83-1724-44CB-9AB2-6D6E2416DA76}.Release|Any CPU.Build.0 = Release|Any CPU
	EndGlobalSection
	GlobalSection(SolutionProperties) = preSolution
		HideSolutionNode = FALSE
	EndGlobalSection
	GlobalSection(ExtensibilityGlobals) = postSolution
		SolutionGuid = {F7283FF8-5FAB-4129-99FE-1BF74E6F91AC}
	EndGlobalSection
EndGlobal
